PODS:
  - Alamofire (3.4.1)
  - ObjectMapper (1.3.0)

DEPENDENCIES:
  - Alamofire (from `https://github.com/mattwyskiel/Alamofire`, branch `swift-3.0`)
  - ObjectMapper (from `https://github.com/mattwyskiel/ObjectMapper`, branch `swift-3.0`)

EXTERNAL SOURCES:
  Alamofire:
    :branch: swift-3.0
    :git: https://github.com/mattwyskiel/Alamofire
  ObjectMapper:
    :branch: swift-3.0
    :git: https://github.com/mattwyskiel/ObjectMapper

CHECKOUT OPTIONS:
  Alamofire:
    :commit: 4565048e0955b34dfb8b901d9080df7223c185db
    :git: https://github.com/mattwyskiel/Alamofire
  ObjectMapper:
    :commit: 81a641e1ac105e4bf22286fe2b4678b5bcc198cd
    :git: https://github.com/mattwyskiel/ObjectMapper

SPEC CHECKSUMS:
  Alamofire: 01a82e2f6c0f860ade35534c8dd88be61bdef40c
  ObjectMapper: 4eb08a726e9791a93b2632049951b56a7c17e471

PODFILE CHECKSUM: c0f0dc1a69db1c9d6ea16fdcbea5a2f29e4536d5

COCOAPODS: 1.0.0
